
Microsoft Visual Studio Solution File, Format Version 12.00
# Visual Studio Version 17
VisualStudioVersion = 17.2.32210.308
MinimumVisualStudioVersion = 10.0.40219.1
Project("{FAE04EC0-301F-11D3-BF4B-00C04F79EFBC}") = "VMLab1", "VMLab1\VMLab1.csproj", "{B4D993E5-1AE3-4C5E-ADA9-924107C0D224}"
EndProject
Global
	GlobalSection(SolutionConfigurationPlatforms) = preSolution
		Debug|Any CPU = Debug|Any CPU
		Release|Any CPU = Release|Any CPU
	EndGlobalSection
	GlobalSection(ProjectConfigurationPlatforms) = postSolution
		{B4D993E5-1AE3-4C5E-ADA9-924107C0D224}.Debug|Any CPU.ActiveCfg = Debug|Any CPU
		{B4D993E5-1AE3-4C5E-ADA9-924107C0D224}.Debug|Any CPU.Build.0 = Debug|Any CPU
		{B4D993E5-1AE3-4C5E-ADA9-924107C0D224}.Release|Any CPU.ActiveCfg = Release|Any CPU
		{B4D993E5-1AE3-4C5E-ADA9-924107C0D224}.Release|Any CPU.Build.0 = Release|Any CPU
	EndGlobalSection
	GlobalSection(SolutionProperties) = preSolution
		HideSolutionNode = FALSE
	EndGlobalSection
	GlobalSection(ExtensibilityGlobals) = postSolution
		SolutionGuid = {5A72C282-860F-423F-A79B-B75054DE4484}
	EndGlobalSection
EndGlobal
